
Microsoft Visual Studio Solution File, Format Version 12.00
# Visual Studio Version 17
VisualStudioVersion = 17.0.31903.59
MinimumVisualStudioVersion = 10.0.40219.1
Project("{FAE04EC0-301F-11D3-BF4B-00C04F79EFBC}") = "Vectorization", "Vectorization\Vectorization.csproj", "{39760018-F980-4A10-8CA1-3F837C436A32}"
EndProject
Project("{FAE04EC0-301F-11D3-BF4B-00C04F79EFBC}") = "Vectorization.Benchmark", "Vectorization.Benchmark\Vectorization.Benchmark.csproj", "{4CD5CB3D-3640-4F78-8135-9FE673A01A71}"
EndProject
Global
	GlobalSection(SolutionConfigurationPlatforms) = preSolution
		Debug|Any CPU = Debug|Any CPU
		Release|Any CPU = Release|Any CPU
	EndGlobalSection
	GlobalSection(SolutionProperties) = preSolution
		HideSolutionNode = FALSE
	EndGlobalSection
	GlobalSection(ProjectConfigurationPlatforms) = postSolution
		{39760018-F980-4A10-8CA1-3F837C436A32}.Debug|Any CPU.ActiveCfg = Debug|Any CPU
		{39760018-F980-4A10-8CA1-3F837C436A32}.Debug|Any CPU.Build.0 = Debug|Any CPU
		{39760018-F980-4A10-8CA1-3F837C436A32}.Release|Any CPU.ActiveCfg = Release|Any CPU
		{39760018-F980-4A10-8CA1-3F837C436A32}.Release|Any CPU.Build.0 = Release|Any CPU
		{4CD5CB3D-3640-4F78-8135-9FE673A01A71}.Debug|Any CPU.ActiveCfg = Debug|Any CPU
		{4CD5CB3D-3640-4F78-8135-9FE673A01A71}.Debug|Any CPU.Build.0 = Debug|Any CPU
		{4CD5CB3D-3640-4F78-8135-9FE673A01A71}.Release|Any CPU.ActiveCfg = Release|Any CPU
		{4CD5CB3D-3640-4F78-8135-9FE673A01A71}.Release|Any CPU.Build.0 = Release|Any CPU
	EndGlobalSection
EndGlobal
